
Microsoft Visual Studio Solution File, Format Version 12.00
# Visual Studio 2012
Project("{8BC9CEB8-8B4A-11D0-8D11-00A0C91BC942}") = "JeuDeGo", "JeuDeGo\JeuDeGo.vcxproj", "{F75C3A79-FBE2-4185-94C2-7F6066666884}"
EndProject
Global
	GlobalSection(SolutionConfigurationPlatforms) = preSolution
		Debug|Win32 = Debug|Win32
		Release|Win32 = Release|Win32
	EndGlobalSection
	GlobalSection(ProjectConfigurationPlatforms) = postSolution
		{F75C3A79-FBE2-4185-94C2-7F6066666884}.Debug|Win32.ActiveCfg = Debug|Win32
		{F75C3A79-FBE2-4185-94C2-7F6066666884}.Debug|Win32.Build.0 = Debug|Win32
		{F75C3A79-FBE2-4185-94C2-7F6066666884}.Release|Win32.ActiveCfg = Release|Win32
		{F75C3A79-FBE2-4185-94C2-7F6066666884}.Release|Win32.Build.0 = Release|Win32
	EndGlobalSection
	GlobalSection(SolutionProperties) = preSolution
		HideSolutionNode = FALSE
	EndGlobalSection
EndGlobal
